<?xml version="1.0" encoding="utf-8"?>
<Project ToolsVersion="4.0" xmlns="http://schemas.microsoft.com/developer/msbuild/2003">
  <ItemGroup>
    <Filter Include="Source Files">
      <UniqueIdentifier>{4FC737F1-C7A5-4376-A066-2A32D752A2FF}</UniqueIdentifier>
      <Extensions>cpp;c;cc;cxx;c++;cppm;ixx;def;odl;idl;hpj;bat;asm;asmx</Extensions>
    </Filter>
    <Filter Include="Header Files">
      <UniqueIdentifier>{93995380-89BD-4b04-88EB-625FBE52EBFB}</UniqueIdentifier>
      <Extensions>h;hh;hpp;hxx;h++;hm;inl;inc;ipp;xsd</Extensions>
    </Filter>
    <Filter Include="Resource Files">
      <UniqueIdentifier>{67DA6AB6-F800-4c08-8B7A-83BB121AAD01}</UniqueIdentifier>
      <Extensions>rc;ico;cur;bmp;dlg;rc2;rct;bin;rgs;gif;jpg;jpeg;jpe;resx;tiff;tif;png;wav;mfcribbon-ms</Extensions>
    </Filter>
  </ItemGroup>
  <ItemGroup>
    <ClInclude Include="pch.h">
      <Filter>Header Files</Filter>
    </ClInclude>
    <ClInclude Include="Inc\Core\UserRegistry.h">
      <Filter>Header Files</Filter>
    </ClInclude>
    <ClInclude Include="Inc\Core\CameraComponent.h">
      <Filter>Header Files</Filter>
    </ClInclude>
    <ClInclude Include="Inc\Core\ComponentRegistry.h">
      <Filter>Header Files</Filter>
    </ClInclude>
    <ClInclude Include="Inc\Core\FreeCamController.h">
      <Filter>Header Files</Filter>
    </ClInclude>
    <ClInclude Include="Inc\Utils\Input.h">
      <Filter>Header Files</Filter>
    </ClInclude>
    <ClInclude Include="Inc\Core\ResourceManager.h">
      <Filter>Header Files</Filter>
    </ClInclude>
    <ClInclude Include="Inc\Core\Scene.h">
      <Filter>Header Files</Filter>
    </ClInclude>
    <ClInclude Include="Inc\Core\SceneComponent.h">
      <Filter>Header Files</Filter>
    </ClInclude>
    <ClInclude Include="Inc\Core\SceneObject.h">
      <Filter>Header Files</Filter>
    </ClInclude>
    <ClInclude Include="Inc\Core\SceneTransform.h">
      <Filter>Header Files</Filter>
    </ClInclude>
    <ClInclude Include="Inc\Core\SerializableObject.h">
      <Filter>Header Files</Filter>
    </ClInclude>
    <ClInclude Include="Inc\Utils\Time.h">
      <Filter>Header Files</Filter>
    </ClInclude>
    <ClInclude Include="Inc\Internal\ApplicationCore.h">
      <Filter>Header Files</Filter>
    </ClInclude>
    <ClInclude Include="Inc\Internal\ColourShader.h">
      <Filter>Header Files</Filter>
    </ClInclude>
    <ClInclude Include="Inc\Internal\D3DRenderer.h">
      <Filter>Header Files</Filter>
    </ClInclude>
    <ClInclude Include="Inc\Internal\EditorLayer.h">
      <Filter>Header Files</Filter>
    </ClInclude>
    <ClInclude Include="Inc\Internal\InputManager.h">
      <Filter>Header Files</Filter>
    </ClInclude>
    <ClInclude Include="Inc\Internal\ModelData.h">
      <Filter>Header Files</Filter>
    </ClInclude>
    <ClInclude Include="Inc\Internal\ModelFactory.h">
      <Filter>Header Files</Filter>
    </ClInclude>
    <ClInclude Include="Inc\Internal\PrimativeModel.h">
      <Filter>Header Files</Filter>
    </ClInclude>
    <ClInclude Include="Inc\Utils\SceneManager.h">
      <Filter>Header Files</Filter>
    </ClInclude>
    <ClInclude Include="Inc\Internal\TimeManager.h">
      <Filter>Header Files</Filter>
    </ClInclude>
    <ClInclude Include="Inc\Internal\UUID.h">
      <Filter>Header Files</Filter>
    </ClInclude>
    <ClInclude Include="Inc\Internal\VertexData.h">
      <Filter>Header Files</Filter>
    </ClInclude>
    <ClInclude Include="Inc\Utils\ApplicationUtils.h">
      <Filter>Header Files</Filter>
    </ClInclude>
    <ClInclude Include="Inc\Utils\HashedVector.h">
      <Filter>Header Files</Filter>
    </ClInclude>
    <ClInclude Include="Inc\Utils\Logger.h">
      <Filter>Header Files</Filter>
    </ClInclude>
    <ClInclude Include="Inc\Utils\MathUtils.h">
      <Filter>Header Files</Filter>
    </ClInclude>
    <ClInclude Include="Inc\Utils\SceneReference.h">
      <Filter>Header Files</Filter>
    </ClInclude>
    <ClInclude Include="Inc\Utils\Serialization.h">
      <Filter>Header Files</Filter>
    </ClInclude>
    <ClInclude Include="Inc\Utils\SimpleMathJsonImpl.h">
      <Filter>Header Files</Filter>
    </ClInclude>
    <ClInclude Include="Inc\Utils\StringUtils.h">
      <Filter>Header Files</Filter>
    </ClInclude>
    <ClInclude Include="Inc\Core\DrawableComponent.h">
      <Filter>Header Files</Filter>
    </ClInclude>
    <ClInclude Include="Inc\Core\ModelRenderer.h">
      <Filter>Header Files</Filter>
    </ClInclude>
    <ClInclude Include="Inc\Utils\SceneReferenceGUIDrawer.h">
      <Filter>Header Files</Filter>
    </ClInclude>
    <ClInclude Include="Inc\Internal\Physics3D.h">
      <Filter>Header Files</Filter>
    </ClInclude>
    <ClInclude Include="Inc\Core\ContactListener.h">
      <Filter>Header Files</Filter>
    </ClInclude>
    <ClInclude Include="Inc\Core\RigidBody.h">
      <Filter>Header Files</Filter>
    </ClInclude>
    <ClInclude Include="Inc\Utils\SerializableUtils.h">
      <Filter>Header Files</Filter>
    </ClInclude>
    <ClInclude Include="Inc\Utils\RayCasting.h">
      <Filter>Header Files</Filter>
    </ClInclude>
  </ItemGroup>
  <ItemGroup>
    <ClCompile Include="pch.cpp">
      <Filter>Source Files</Filter>
    </ClCompile>
    <ClCompile Include="Src\Internal\EngineEntry.cpp">
      <Filter>Source Files</Filter>
    </ClCompile>
    <ClCompile Include="Src\Core\CameraComponent.cpp">
      <Filter>Source Files</Filter>
    </ClCompile>
    <ClCompile Include="Src\Core\ComponentRegistry.cpp">
      <Filter>Source Files</Filter>
    </ClCompile>
    <ClCompile Include="Src\Core\FreeCamController.cpp">
      <Filter>Source Files</Filter>
    </ClCompile>
    <ClCompile Include="Src\Utils\Input.cpp">
      <Filter>Source Files</Filter>
    </ClCompile>
    <ClCompile Include="Src\Core\ResourceManager.cpp">
      <Filter>Source Files</Filter>
    </ClCompile>
    <ClCompile Include="Src\Core\Scene.cpp">
      <Filter>Source Files</Filter>
    </ClCompile>
    <ClCompile Include="Src\Core\SceneComponent.cpp">
      <Filter>Source Files</Filter>
    </ClCompile>
    <ClCompile Include="Src\Core\SceneObject.cpp">
      <Filter>Source Files</Filter>
    </ClCompile>
    <ClCompile Include="Src\Core\SceneTransform.cpp">
      <Filter>Source Files</Filter>
    </ClCompile>
    <ClCompile Include="Src\Core\SerializableObject.cpp">
      <Filter>Source Files</Filter>
    </ClCompile>
    <ClCompile Include="Src\Utils\Time.cpp">
      <Filter>Source Files</Filter>
    </ClCompile>
    <ClCompile Include="Src\Internal\ApplicationCore.cpp">
      <Filter>Source Files</Filter>
    </ClCompile>
    <ClCompile Include="Src\Internal\ColourShader.cpp">
      <Filter>Source Files</Filter>
    </ClCompile>
    <ClCompile Include="Src\Internal\D3DRenderer.cpp">
      <Filter>Source Files</Filter>
    </ClCompile>
    <ClCompile Include="Src\Internal\EditorLayer.cpp">
      <Filter>Source Files</Filter>
    </ClCompile>
    <ClCompile Include="Src\Internal\InputManager.cpp">
      <Filter>Source Files</Filter>
    </ClCompile>
    <ClCompile Include="Src\Internal\ModelData.cpp">
      <Filter>Source Files</Filter>
    </ClCompile>
    <ClCompile Include="Src\Internal\ModelFactory.cpp">
      <Filter>Source Files</Filter>
    </ClCompile>
    <ClCompile Include="Src\Internal\PrimativeModel.cpp">
      <Filter>Source Files</Filter>
    </ClCompile>
    <ClCompile Include="Src\Utils\SceneManager.cpp">
      <Filter>Source Files</Filter>
    </ClCompile>
    <ClCompile Include="Src\Internal\TimeManager.cpp">
      <Filter>Source Files</Filter>
    </ClCompile>
    <ClCompile Include="Src\Internal\UUID.cpp">
      <Filter>Source Files</Filter>
    </ClCompile>
    <ClCompile Include="Src\Utils\ApplicationUtils.cpp">
      <Filter>Source Files</Filter>
    </ClCompile>
    <ClCompile Include="Src\Utils\StringUtils.cpp">
      <Filter>Source Files</Filter>
    </ClCompile>
    <ClCompile Include="Src\Core\DrawableComponent.cpp">
      <Filter>Source Files</Filter>
    </ClCompile>
    <ClCompile Include="Src\Core\ModelRenderer.cpp">
      <Filter>Source Files</Filter>
    </ClCompile>
    <ClCompile Include="Src\Utils\SceneReference.cpp">
      <Filter>Source Files</Filter>
    </ClCompile>
    <ClCompile Include="Src\Utils\Logger.cpp">
      <Filter>Source Files</Filter>
    </ClCompile>
    <ClCompile Include="Src\Internal\Physics3D.cpp">
      <Filter>Source Files</Filter>
    </ClCompile>
    <ClCompile Include="Src\Core\ContactListener.cpp">
      <Filter>Source Files</Filter>
    </ClCompile>
    <ClCompile Include="Src\Core\RigidBody.cpp">
      <Filter>Source Files</Filter>
    </ClCompile>
    <ClCompile Include="Src\Utils\RayCasting.cpp">
      <Filter>Source Files</Filter>
    </ClCompile>
    <ClCompile Include="Src\Utils\SimpleMathDefines.cpp">
      <Filter>Source Files</Filter>
    </ClCompile>
  </ItemGroup>
  <ItemGroup>
    <FxCompile Include="Shaders\colour_ps.hlsl" />
    <FxCompile Include="Shaders\colour_vs.hlsl" />
  </ItemGroup>
</Project>